
Microsoft Visual Studio Solution File, Format Version 12.00
# Visual Studio 15
VisualStudioVersion = 15.0.26430.14
MinimumVisualStudioVersion = 10.0.40219.1
Project("{FAE04EC0-301F-11D3-BF4B-00C04F79EFBC}") = "Advertisements", "Services\Advertisements.csproj", "{09DA832F-B90C-496D-99EC-219B2AE44CEA}"
EndProject
Project("{FAE04EC0-301F-11D3-BF4B-00C04F79EFBC}") = "AdvertisementsTests", "AdvertisementsTests\AdvertisementsTests.csproj", "{78E9F567-F6C0-49E6-8BD3-577C727C35BA}"
EndProject
Project("{FAE04EC0-301F-11D3-BF4B-00C04F79EFBC}") = "AdvertisementsMVC", "AdvertisementsMVC\AdvertisementsMVC.csproj", "{AC5E8E6A-E832-4600-871C-E007567E9DDA}"
EndProject
Global
	GlobalSection(SolutionConfigurationPlatforms) = preSolution
		Debug|Any CPU = Debug|Any CPU
		Release|Any CPU = Release|Any CPU
	EndGlobalSection
	GlobalSection(ProjectConfigurationPlatforms) = postSolution
		{09DA832F-B90C-496D-99EC-219B2AE44CEA}.Debug|Any CPU.ActiveCfg = Debug|Any CPU
		{09DA832F-B90C-496D-99EC-219B2AE44CEA}.Debug|Any CPU.Build.0 = Debug|Any CPU
		{09DA832F-B90C-496D-99EC-219B2AE44CEA}.Release|Any CPU.ActiveCfg = Release|Any CPU
		{09DA832F-B90C-496D-99EC-219B2AE44CEA}.Release|Any CPU.Build.0 = Release|Any CPU
		{78E9F567-F6C0-49E6-8BD3-577C727C35BA}.Debug|Any CPU.ActiveCfg = Debug|Any CPU
		{78E9F567-F6C0-49E6-8BD3-577C727C35BA}.Debug|Any CPU.Build.0 = Debug|Any CPU
		{78E9F567-F6C0-49E6-8BD3-577C727C35BA}.Release|Any CPU.ActiveCfg = Release|Any CPU
		{78E9F567-F6C0-49E6-8BD3-577C727C35BA}.Release|Any CPU.Build.0 = Release|Any CPU
		{AC5E8E6A-E832-4600-871C-E007567E9DDA}.Debug|Any CPU.ActiveCfg = Debug|Any CPU
		{AC5E8E6A-E832-4600-871C-E007567E9DDA}.Debug|Any CPU.Build.0 = Debug|Any CPU
		{AC5E8E6A-E832-4600-871C-E007567E9DDA}.Release|Any CPU.ActiveCfg = Release|Any CPU
		{AC5E8E6A-E832-4600-871C-E007567E9DDA}.Release|Any CPU.Build.0 = Release|Any CPU
	EndGlobalSection
	GlobalSection(SolutionProperties) = preSolution
		HideSolutionNode = FALSE
	EndGlobalSection
EndGlobal
